
Microsoft Visual Studio Solution File, Format Version 12.00
# Visual Studio Version 16
VisualStudioVersion = 16.0.29326.143
MinimumVisualStudioVersion = 10.0.40219.1
Project("{9A19103F-16F7-4668-BE54-9A1E7A4F7556}") = "BlazorApp_Demo_ZobiWebSolutions", "BlazorApp_Demo_ZobiWebSolutions\BlazorApp_Demo_ZobiWebSolutions.csproj", "{FE8447D5-257C-4AF2-8EA2-BA35C5DC5734}"
EndProject
Project("{9A19103F-16F7-4668-BE54-9A1E7A4F7556}") = "Zobi.Data", "ZobiData\Zobi.Data.csproj", "{C68D1C48-9F44-4200-959E-04D8C8355BE9}"
EndProject
Project("{9A19103F-16F7-4668-BE54-9A1E7A4F7556}") = "Zobi.Domain", "Zobi.Domain\Zobi.Domain.csproj", "{97F5669D-8A91-44A3-ABE7-6E6B3DBFAE0B}"
EndProject
Project("{9A19103F-16F7-4668-BE54-9A1E7A4F7556}") = "Blazor.LoadingIndicator", "Blazor.LoadingIndicator\Blazor.LoadingIndicator.csproj", "{3314B2A7-0A1A-448B-A21F-7A5BEA48B79C}"
EndProject
Global
	GlobalSection(SolutionConfigurationPlatforms) = preSolution
		Debug|Any CPU = Debug|Any CPU
		Release|Any CPU = Release|Any CPU
	EndGlobalSection
	GlobalSection(ProjectConfigurationPlatforms) = postSolution
		{FE8447D5-257C-4AF2-8EA2-BA35C5DC5734}.Debug|Any CPU.ActiveCfg = Debug|Any CPU
		{FE8447D5-257C-4AF2-8EA2-BA35C5DC5734}.Debug|Any CPU.Build.0 = Debug|Any CPU
		{FE8447D5-257C-4AF2-8EA2-BA35C5DC5734}.Release|Any CPU.ActiveCfg = Release|Any CPU
		{FE8447D5-257C-4AF2-8EA2-BA35C5DC5734}.Release|Any CPU.Build.0 = Release|Any CPU
		{C68D1C48-9F44-4200-959E-04D8C8355BE9}.Debug|Any CPU.ActiveCfg = Debug|Any CPU
		{C68D1C48-9F44-4200-959E-04D8C8355BE9}.Debug|Any CPU.Build.0 = Debug|Any CPU
		{C68D1C48-9F44-4200-959E-04D8C8355BE9}.Release|Any CPU.ActiveCfg = Release|Any CPU
		{C68D1C48-9F44-4200-959E-04D8C8355BE9}.Release|Any CPU.Build.0 = Release|Any CPU
		{97F5669D-8A91-44A3-ABE7-6E6B3DBFAE0B}.Debug|Any CPU.ActiveCfg = Debug|Any CPU
		{97F5669D-8A91-44A3-ABE7-6E6B3DBFAE0B}.Debug|Any CPU.Build.0 = Debug|Any CPU
		{97F5669D-8A91-44A3-ABE7-6E6B3DBFAE0B}.Release|Any CPU.ActiveCfg = Release|Any CPU
		{97F5669D-8A91-44A3-ABE7-6E6B3DBFAE0B}.Release|Any CPU.Build.0 = Release|Any CPU
		{3314B2A7-0A1A-448B-A21F-7A5BEA48B79C}.Debug|Any CPU.ActiveCfg = Debug|Any CPU
		{3314B2A7-0A1A-448B-A21F-7A5BEA48B79C}.Debug|Any CPU.Build.0 = Debug|Any CPU
		{3314B2A7-0A1A-448B-A21F-7A5BEA48B79C}.Release|Any CPU.ActiveCfg = Release|Any CPU
		{3314B2A7-0A1A-448B-A21F-7A5BEA48B79C}.Release|Any CPU.Build.0 = Release|Any CPU
	EndGlobalSection
	GlobalSection(SolutionProperties) = preSolution
		HideSolutionNode = FALSE
	EndGlobalSection
	GlobalSection(ExtensibilityGlobals) = postSolution
		SolutionGuid = {365B64F3-24FA-4E3D-9EA9-5E2A3F7CEA80}
	EndGlobalSection
EndGlobal
